
Microsoft Visual Studio Solution File, Format Version 12.00
# Visual Studio Version 17
VisualStudioVersion = 17.0.31521.260
MinimumVisualStudioVersion = 10.0.40219.1
Project("{FAE04EC0-301F-11D3-BF4B-00C04F79EFBC}") = "FastEnum", "FastEnum\FastEnum.csproj", "{5132B083-D099-485B-98F7-EFFC7FB96D84}"
EndProject
Project("{FAE04EC0-301F-11D3-BF4B-00C04F79EFBC}") = "Benchmarks", "Benchmarks\Benchmarks.csproj", "{586105A6-DC25-4AF3-B572-AD4DB6F28DD2}"
EndProject
Project("{FAE04EC0-301F-11D3-BF4B-00C04F79EFBC}") = "Library", "Library\Library.csproj", "{8A665477-2BA7-46A4-98F4-B668286514A9}"
EndProject
Project("{FAE04EC0-301F-11D3-BF4B-00C04F79EFBC}") = "Tests", "Tests\Tests.csproj", "{77342F03-FC51-49BE-8583-538DDCA68EF4}"
EndProject
Global
	GlobalSection(SolutionConfigurationPlatforms) = preSolution
		Debug|Any CPU = Debug|Any CPU
		Release|Any CPU = Release|Any CPU
	EndGlobalSection
	GlobalSection(ProjectConfigurationPlatforms) = postSolution
		{5132B083-D099-485B-98F7-EFFC7FB96D84}.Debug|Any CPU.ActiveCfg = Debug|Any CPU
		{5132B083-D099-485B-98F7-EFFC7FB96D84}.Debug|Any CPU.Build.0 = Debug|Any CPU
		{5132B083-D099-485B-98F7-EFFC7FB96D84}.Release|Any CPU.ActiveCfg = Release|Any CPU
		{5132B083-D099-485B-98F7-EFFC7FB96D84}.Release|Any CPU.Build.0 = Release|Any CPU
		{586105A6-DC25-4AF3-B572-AD4DB6F28DD2}.Debug|Any CPU.ActiveCfg = Debug|Any CPU
		{586105A6-DC25-4AF3-B572-AD4DB6F28DD2}.Debug|Any CPU.Build.0 = Debug|Any CPU
		{586105A6-DC25-4AF3-B572-AD4DB6F28DD2}.Release|Any CPU.ActiveCfg = Release|Any CPU
		{586105A6-DC25-4AF3-B572-AD4DB6F28DD2}.Release|Any CPU.Build.0 = Release|Any CPU
		{8A665477-2BA7-46A4-98F4-B668286514A9}.Debug|Any CPU.ActiveCfg = Debug|Any CPU
		{8A665477-2BA7-46A4-98F4-B668286514A9}.Debug|Any CPU.Build.0 = Debug|Any CPU
		{8A665477-2BA7-46A4-98F4-B668286514A9}.Release|Any CPU.ActiveCfg = Release|Any CPU
		{8A665477-2BA7-46A4-98F4-B668286514A9}.Release|Any CPU.Build.0 = Release|Any CPU
		{77342F03-FC51-49BE-8583-538DDCA68EF4}.Debug|Any CPU.ActiveCfg = Debug|Any CPU
		{77342F03-FC51-49BE-8583-538DDCA68EF4}.Debug|Any CPU.Build.0 = Debug|Any CPU
		{77342F03-FC51-49BE-8583-538DDCA68EF4}.Release|Any CPU.ActiveCfg = Release|Any CPU
		{77342F03-FC51-49BE-8583-538DDCA68EF4}.Release|Any CPU.Build.0 = Release|Any CPU
	EndGlobalSection
	GlobalSection(SolutionProperties) = preSolution
		HideSolutionNode = FALSE
	EndGlobalSection
	GlobalSection(ExtensibilityGlobals) = postSolution
		SolutionGuid = {C08BF0A2-BADD-4B3C-933F-F46A5F6785A0}
	EndGlobalSection
EndGlobal
